{
  "name": "@vandeurenglenn/typed-array-join",
  "version": "1.0.1",
  "lockfileVersion": 2,
  "requires": true,
  "packages": {
    "": {
      "name": "@vandeurenglenn/typed-array-join",
      "version": "1.0.1",
      "license": "MIT",
      "dependencies": {
        "@vandeurenglenn/typed-array-concat": "^1.0.1"
      }
    },
    "node_modules/@vandeurenglenn/typed-array-concat": {
      "version": "1.0.2",
      "resolved": "https://registry.npmjs.org/@vandeurenglenn/typed-array-concat/-/typed-array-concat-1.0.2.tgz",
      "integrity": "sha512-vKMeGHIUz2k+zLzamK6dnZJSA7eNhLLvd1FwNgixHUoCmYKJcOF5HHJ2FmsCnWsZQShKWru5CwPCDh3AX9PEBA=="
    }
  },
  "dependencies": {
    "@vandeurenglenn/typed-array-concat": {
      "version": "1.0.2",
      "resolved": "https://registry.npmjs.org/@vandeurenglenn/typed-array-concat/-/typed-array-concat-1.0.2.tgz",
      "integrity": "sha512-vKMeGHIUz2k+zLzamK6dnZJSA7eNhLLvd1FwNgixHUoCmYKJcOF5HHJ2FmsCnWsZQShKWru5CwPCDh3AX9PEBA=="
    }
  }
}
